
Microsoft Visual Studio Solution File, Format Version 12.00
# Visual Studio 15
Project("{FAE04EC0-301F-11D3-BF4B-00C04F79EFBC}") = "Assembly-CSharp-Editor", "Assembly-CSharp-Editor.csproj", "{434A173A-ED9E-CA2F-C234-F1CFD53A6AE2}"
EndProject
Project("{FAE04EC0-301F-11D3-BF4B-00C04F79EFBC}") = "Assembly-CSharp", "Assembly-CSharp.csproj", "{FA0C8A15-F334-DFA1-51E3-92C8C51C41F1}"
EndProject
Global
	GlobalSection(SolutionConfigurationPlatforms) = preSolution
		Debug|Any CPU = Debug|Any CPU
		Release|Any CPU = Release|Any CPU
	EndGlobalSection
	GlobalSection(ProjectConfigurationPlatforms) = postSolution
		{434A173A-ED9E-CA2F-C234-F1CFD53A6AE2}.Debug|Any CPU.ActiveCfg = Debug|Any CPU
		{434A173A-ED9E-CA2F-C234-F1CFD53A6AE2}.Debug|Any CPU.Build.0 = Debug|Any CPU
		{434A173A-ED9E-CA2F-C234-F1CFD53A6AE2}.Release|Any CPU.ActiveCfg = Release|Any CPU
		{434A173A-ED9E-CA2F-C234-F1CFD53A6AE2}.Release|Any CPU.Build.0 = Release|Any CPU
		{FA0C8A15-F334-DFA1-51E3-92C8C51C41F1}.Debug|Any CPU.ActiveCfg = Debug|Any CPU
		{FA0C8A15-F334-DFA1-51E3-92C8C51C41F1}.Debug|Any CPU.Build.0 = Debug|Any CPU
		{FA0C8A15-F334-DFA1-51E3-92C8C51C41F1}.Release|Any CPU.ActiveCfg = Release|Any CPU
		{FA0C8A15-F334-DFA1-51E3-92C8C51C41F1}.Release|Any CPU.Build.0 = Release|Any CPU
	EndGlobalSection
	GlobalSection(SolutionProperties) = preSolution
		HideSolutionNode = FALSE
	EndGlobalSection
EndGlobal
